
Microsoft Visual Studio Solution File, Format Version 12.00
# Visual Studio Version 16
VisualStudioVersion = 16.0.30803.129
MinimumVisualStudioVersion = 10.0.40219.1
Project("{9A19103F-16F7-4668-BE54-9A1E7A4F7556}") = "SharedLibraries.EmailService", "SharedLibraries.EmailService.csproj", "{245DA888-D8D7-4CFE-8A8D-7352A78F0D20}"
EndProject
Global
	GlobalSection(SolutionConfigurationPlatforms) = preSolution
		Debug|Any CPU = Debug|Any CPU
		Release|Any CPU = Release|Any CPU
	EndGlobalSection
	GlobalSection(ProjectConfigurationPlatforms) = postSolution
		{245DA888-D8D7-4CFE-8A8D-7352A78F0D20}.Debug|Any CPU.ActiveCfg = Debug|Any CPU
		{245DA888-D8D7-4CFE-8A8D-7352A78F0D20}.Debug|Any CPU.Build.0 = Debug|Any CPU
		{245DA888-D8D7-4CFE-8A8D-7352A78F0D20}.Release|Any CPU.ActiveCfg = Release|Any CPU
		{245DA888-D8D7-4CFE-8A8D-7352A78F0D20}.Release|Any CPU.Build.0 = Release|Any CPU
	EndGlobalSection
	GlobalSection(SolutionProperties) = preSolution
		HideSolutionNode = FALSE
	EndGlobalSection
	GlobalSection(ExtensibilityGlobals) = postSolution
		SolutionGuid = {1D642421-AFA6-46FD-8E74-7F65D40E53FC}
	EndGlobalSection
EndGlobal
